
Microsoft Visual Studio Solution File, Format Version 12.00
# Visual Studio Version 16
VisualStudioVersion = 25.0.1706.1
MinimumVisualStudioVersion = 10.0.40219.1
Project("{FAE04EC0-301F-11D3-BF4B-00C04F79EFBC}") = "NewPlatformService", "NewPlatformService\NewPlatformService.csproj", "{51C45336-2FD4-41EF-92F5-2DDD1BAC463E}"
EndProject
Global
	GlobalSection(SolutionConfigurationPlatforms) = preSolution
		Debug|Any CPU = Debug|Any CPU
		Release|Any CPU = Release|Any CPU
	EndGlobalSection
	GlobalSection(ProjectConfigurationPlatforms) = postSolution
		{51C45336-2FD4-41EF-92F5-2DDD1BAC463E}.Debug|Any CPU.ActiveCfg = Debug|Any CPU
		{51C45336-2FD4-41EF-92F5-2DDD1BAC463E}.Debug|Any CPU.Build.0 = Debug|Any CPU
		{51C45336-2FD4-41EF-92F5-2DDD1BAC463E}.Release|Any CPU.ActiveCfg = Release|Any CPU
		{51C45336-2FD4-41EF-92F5-2DDD1BAC463E}.Release|Any CPU.Build.0 = Release|Any CPU
	EndGlobalSection
	GlobalSection(SolutionProperties) = preSolution
		HideSolutionNode = FALSE
	EndGlobalSection
	GlobalSection(ExtensibilityGlobals) = postSolution
		SolutionGuid = {C3513401-9113-49BF-86B2-EE9A179BA801}
	EndGlobalSection
EndGlobal
